
Microsoft Visual Studio Solution File, Format Version 12.00
# Visual Studio Version 16
VisualStudioVersion = 16.0.29215.179
MinimumVisualStudioVersion = 10.0.40219.1
Project("{8BC9CEB8-8B4A-11D0-8D11-00A0C91BC942}") = "이분탐색", "이분탐색\이분탐색.vcxproj", "{B42B1BE0-93B6-48E2-A280-7EB1BCCDFAC0}"
EndProject
Global
	GlobalSection(SolutionConfigurationPlatforms) = preSolution
		Debug|x64 = Debug|x64
		Debug|x86 = Debug|x86
		Release|x64 = Release|x64
		Release|x86 = Release|x86
	EndGlobalSection
	GlobalSection(ProjectConfigurationPlatforms) = postSolution
		{B42B1BE0-93B6-48E2-A280-7EB1BCCDFAC0}.Debug|x64.ActiveCfg = Debug|x64
		{B42B1BE0-93B6-48E2-A280-7EB1BCCDFAC0}.Debug|x64.Build.0 = Debug|x64
		{B42B1BE0-93B6-48E2-A280-7EB1BCCDFAC0}.Debug|x86.ActiveCfg = Debug|Win32
		{B42B1BE0-93B6-48E2-A280-7EB1BCCDFAC0}.Debug|x86.Build.0 = Debug|Win32
		{B42B1BE0-93B6-48E2-A280-7EB1BCCDFAC0}.Release|x64.ActiveCfg = Release|x64
		{B42B1BE0-93B6-48E2-A280-7EB1BCCDFAC0}.Release|x64.Build.0 = Release|x64
		{B42B1BE0-93B6-48E2-A280-7EB1BCCDFAC0}.Release|x86.ActiveCfg = Release|Win32
		{B42B1BE0-93B6-48E2-A280-7EB1BCCDFAC0}.Release|x86.Build.0 = Release|Win32
	EndGlobalSection
	GlobalSection(SolutionProperties) = preSolution
		HideSolutionNode = FALSE
	EndGlobalSection
	GlobalSection(ExtensibilityGlobals) = postSolution
		SolutionGuid = {6210BD64-4431-4799-9FEC-F1227729AC30}
	EndGlobalSection
EndGlobal
